
Microsoft Visual Studio Solution File, Format Version 12.00
# Visual Studio Version 17
VisualStudioVersion = 17.0.31903.59
MinimumVisualStudioVersion = 10.0.40219.1
Project("{2150E333-8FDC-42A3-9474-1A3956D46DE8}") = "samples", "samples", "{5D20AA90-6969-D8BD-9DCD-8634F4692FDA}"
EndProject
Project("{2150E333-8FDC-42A3-9474-1A3956D46DE8}") = "ch01-foundations", "ch01-foundations", "{CD9104F2-B134-CB97-7269-374EC2CEB46A}"
EndProject
Project("{2150E333-8FDC-42A3-9474-1A3956D46DE8}") = "01.3-embeddings", "01.3-embeddings", "{56D7CE51-9CF3-8BB1-8F1D-3172C3330966}"
EndProject
Project("{FAE04EC0-301F-11D3-BF4B-00C04F79EFBC}") = "HelloEmbeddings", "samples\ch01-foundations\01.3-embeddings\HelloEmbeddings.csproj", "{AA3677ED-6FFE-4EF3-809B-9E7DEBA56F1E}"
EndProject
Project("{FAE04EC0-301F-11D3-BF4B-00C04F79EFBC}") = "HelloChat", "samples\ch01-foundations\01.3-hello-chat\HelloChat.csproj", "{8A70F9F1-E77B-49F6-8761-00667EDF6BB4}"
EndProject
Project("{FAE04EC0-301F-11D3-BF4B-00C04F79EFBC}") = "SecretsAndConfig", "samples\ch01-foundations\01.4-secrets-and-config\SecretsAndConfig.csproj", "{182C363F-4B66-49BE-86BF-D1F2CC47609B}"
EndProject
Project("{FAE04EC0-301F-11D3-BF4B-00C04F79EFBC}") = "ConsoleChatLoop", "samples\ch02-extensions-ai\02.1-console-chat-loop\ConsoleChatLoop.csproj", "{2CFB67A0-FF1A-4C21-AF0B-C091F1F8CEB6}"
EndProject
Project("{FAE04EC0-301F-11D3-BF4B-00C04F79EFBC}") = "StreamingAspNet", "samples\ch02-extensions-ai\02.2-streaming-aspnet\StreamingAspNet.csproj", "{CA28EF1C-0EF5-4EB4-845C-4BBF85BA534C}"
EndProject
Project("{FAE04EC0-301F-11D3-BF4B-00C04F79EFBC}") = "StructuredOutput", "samples\ch02-extensions-ai\02.2-structured-output\StructuredOutput.csproj", "{142282DC-8A4B-4346-BBF8-826DBA4B303A}"
EndProject
Project("{FAE04EC0-301F-11D3-BF4B-00C04F79EFBC}") = "FunctionCalling", "samples\ch02-extensions-ai\02.3-function-calling\FunctionCalling.csproj", "{69F10E9B-681C-4EF2-A938-F00C5D81AF26}"
EndProject
Project("{FAE04EC0-301F-11D3-BF4B-00C04F79EFBC}") = "CustomMiddleware", "samples\ch02-extensions-ai\02.4-custom-middleware\CustomMiddleware.csproj", "{589E7E3A-4404-495B-A573-348787D35033}"
EndProject
Project("{FAE04EC0-301F-11D3-BF4B-00C04F79EFBC}") = "MiddlewarePipeline", "samples\ch02-extensions-ai\02.4-middleware-pipeline\MiddlewarePipeline.csproj", "{402DA6B6-8198-475A-906B-7F0F98E3468C}"
EndProject
Project("{FAE04EC0-301F-11D3-BF4B-00C04F79EFBC}") = "SemanticSearch", "samples\ch03-rag\03.1-semantic-search\SemanticSearch.csproj", "{73549EFF-8D8E-441A-A04D-2CC74BCE5297}"
EndProject
Project("{FAE04EC0-301F-11D3-BF4B-00C04F79EFBC}") = "RagEvaluation", "samples\ch03-rag\03.2.7-evaluation\RagEvaluation.csproj", "{18E7569F-80D3-45E5-8845-3102D8AD6782}"
EndProject
Project("{FAE04EC0-301F-11D3-BF4B-00C04F79EFBC}") = "IngestionPipeline", "samples\ch03-rag\03.2-ingestion-pipeline\IngestionPipeline.csproj", "{67CCBC61-4036-4440-B619-143526CB09FF}"
EndProject
Project("{FAE04EC0-301F-11D3-BF4B-00C04F79EFBC}") = "RagBasic", "samples\ch03-rag\03.2-rag-basic\RagBasic.csproj", "{E93A2E49-E339-4A14-864C-DFC3AF2E00E1}"
EndProject
Project("{FAE04EC0-301F-11D3-BF4B-00C04F79EFBC}") = "VisionExtract", "samples\ch03-rag\03.3-vision-extract\VisionExtract.csproj", "{F62D89B3-CC8B-47F5-8F50-83BF1668EA85}"
EndProject
Project("{FAE04EC0-301F-11D3-BF4B-00C04F79EFBC}") = "LocalRag", "samples\ch03-rag\03.5-local-rag\LocalRag.csproj", "{0B28D6BD-1708-4455-9A94-BAC0BED1017C}"
EndProject
Project("{FAE04EC0-301F-11D3-BF4B-00C04F79EFBC}") = "HelloAgent", "samples\ch04-agent-framework\04.2.1-hello-agent\HelloAgent.csproj", "{F507E938-95FD-449A-92F1-059D508F5ACF}"
EndProject
Project("{FAE04EC0-301F-11D3-BF4B-00C04F79EFBC}") = "AnthropicAgent", "samples\ch04-agent-framework\04.2.4-anthropic-agents\AnthropicAgent.csproj", "{81452826-C90E-44CE-96FB-5F2D7D6286F4}"
EndProject
Project("{FAE04EC0-301F-11D3-BF4B-00C04F79EFBC}") = "PersistentSession", "samples\ch04-agent-framework\04.3-persistent-session\PersistentSession.csproj", "{A1C792B0-F93E-4997-A26F-6C5C7AA72556}"
EndProject
Project("{FAE04EC0-301F-11D3-BF4B-00C04F79EFBC}") = "ToolsAndApproval", "samples\ch04-agent-framework\04.4-tools-and-approval\ToolsAndApproval.csproj", "{6577ADB5-983B-4B4D-A3B9-1CA0703A7E6A}"
EndProject
Project("{FAE04EC0-301F-11D3-BF4B-00C04F79EFBC}") = "AgentMiddleware", "samples\ch04-agent-framework\04.5-agent-middleware\AgentMiddleware.csproj", "{1B8844BF-FF54-4823-AB59-3BDE95D5EE5F}"
EndProject
Project("{FAE04EC0-301F-11D3-BF4B-00C04F79EFBC}") = "TextProcessingWorkflow", "samples\ch04-agent-framework\04.6.3-text-processing-walkthrough\TextProcessingWorkflow.csproj", "{02F44A4B-93BF-4DC9-ACF5-8C35B759FD93}"
EndProject
Project("{FAE04EC0-301F-11D3-BF4B-00C04F79EFBC}") = "ContentWorkflow", "samples\ch04-agent-framework\04.6.7-content-workflow\ContentWorkflow.csproj", "{A9BAD05D-89F8-4CDE-8660-A7D447856DA8}"
EndProject
Project("{FAE04EC0-301F-11D3-BF4B-00C04F79EFBC}") = "A2AServer", "samples\ch04-agent-framework\04.7-a2a-server\A2AServer.csproj", "{728F04D1-BF65-476A-975E-30FCE6D78770}"
EndProject
Project("{FAE04EC0-301F-11D3-BF4B-00C04F79EFBC}") = "AgentWithMcp", "samples\ch04-agent-framework\04.8-agent-with-mcp\AgentWithMcp.csproj", "{81D0AA9C-ED95-4CD5-BBBD-631462FD1C4B}"
EndProject
Project("{FAE04EC0-301F-11D3-BF4B-00C04F79EFBC}") = "InventoryMcp", "samples\ch05-mcp\05.2.10-inventory-server\InventoryMcp.csproj", "{92AAD152-7864-4DCE-B337-D35E2524931C}"
EndProject
Project("{FAE04EC0-301F-11D3-BF4B-00C04F79EFBC}") = "StdioTransport", "samples\ch05-mcp\05.3.1-stdio-transport\StdioTransport.csproj", "{8DE30C5A-BBA6-4F65-8E75-0F3F36914240}"
EndProject
Project("{FAE04EC0-301F-11D3-BF4B-00C04F79EFBC}") = "SseTransportServer", "samples\ch05-mcp\05.3.2-sse-transport\SseTransportServer.csproj", "{E90EDB9B-7AF2-46F7-9ECF-D850D6646A79}"
EndProject
Project("{FAE04EC0-301F-11D3-BF4B-00C04F79EFBC}") = "StreamableHttp", "samples\ch05-mcp\05.3.3-streamable-http\StreamableHttp.csproj", "{E8C10AE7-56E6-4DB0-80D0-493FAD298A56}"
EndProject
Project("{FAE04EC0-301F-11D3-BF4B-00C04F79EFBC}") = "McpClientDemo", "samples\ch05-mcp\05.4-mcp-client\McpClientDemo.csproj", "{9EBC751C-3025-4147-B7AF-E055D7413ECB}"
EndProject
Project("{FAE04EC0-301F-11D3-BF4B-00C04F79EFBC}") = "McpAgentFactory", "samples\ch05-mcp\05.6.3-mcp-agent-factory\McpAgentFactory.csproj", "{36A2E343-7343-4DE3-9C14-4218795EEF35}"
EndProject
Project("{FAE04EC0-301F-11D3-BF4B-00C04F79EFBC}") = "CachedMcpToolProvider", "samples\ch05-mcp\cached-mcp-tool-provider\CachedMcpToolProvider.csproj", "{4061A7F5-6170-44B6-A9D2-CD534E9FE68B}"
EndProject
Project("{FAE04EC0-301F-11D3-BF4B-00C04F79EFBC}") = "Observability", "samples\ch06-production\06.1-observability\Observability.csproj", "{C79395F5-A41E-42DB-98C2-B135564DB6CB}"
EndProject
Project("{FAE04EC0-301F-11D3-BF4B-00C04F79EFBC}") = "Resilience", "samples\ch06-production\06.2.1-resilience\Resilience.csproj", "{6F513594-A053-4204-9804-769F27B7DCE8}"
EndProject
Project("{FAE04EC0-301F-11D3-BF4B-00C04F79EFBC}") = "ModelRouting", "samples\ch06-production\06.2.4-model-routing\ModelRouting.csproj", "{6721C80A-7FBE-42E4-AEDD-A0E37AF6CBFE}"
EndProject
Project("{FAE04EC0-301F-11D3-BF4B-00C04F79EFBC}") = "Ch06.UnitTesting", "samples\ch06-production\06.5.1-unit-testing\Ch06.UnitTesting.csproj", "{A383C5FE-9881-4B7E-98D5-F1D107BEC206}"
EndProject
Project("{FAE04EC0-301F-11D3-BF4B-00C04F79EFBC}") = "LlmAsJudge", "samples\ch06-production\06.5.3-llm-as-judge\LlmAsJudge.csproj", "{E750304E-4AC3-471A-A5A5-8CF7B9D0CDCC}"
EndProject
Project("{FAE04EC0-301F-11D3-BF4B-00C04F79EFBC}") = "OutputGuardChatClient", "samples\ch06-production\output-guard-chat-client\OutputGuardChatClient.csproj", "{DE637C1F-BC3F-48C6-A70E-2A68EDA72E48}"
EndProject
Global
	GlobalSection(SolutionConfigurationPlatforms) = preSolution
		Debug|Any CPU = Debug|Any CPU
		Debug|x64 = Debug|x64
		Debug|x86 = Debug|x86
		Release|Any CPU = Release|Any CPU
		Release|x64 = Release|x64
		Release|x86 = Release|x86
	EndGlobalSection
	GlobalSection(ProjectConfigurationPlatforms) = postSolution
		{AA3677ED-6FFE-4EF3-809B-9E7DEBA56F1E}.Debug|Any CPU.ActiveCfg = Debug|Any CPU
		{AA3677ED-6FFE-4EF3-809B-9E7DEBA56F1E}.Debug|Any CPU.Build.0 = Debug|Any CPU
		{AA3677ED-6FFE-4EF3-809B-9E7DEBA56F1E}.Debug|x64.ActiveCfg = Debug|Any CPU
		{AA3677ED-6FFE-4EF3-809B-9E7DEBA56F1E}.Debug|x64.Build.0 = Debug|Any CPU
		{AA3677ED-6FFE-4EF3-809B-9E7DEBA56F1E}.Debug|x86.ActiveCfg = Debug|Any CPU
		{AA3677ED-6FFE-4EF3-809B-9E7DEBA56F1E}.Debug|x86.Build.0 = Debug|Any CPU
		{AA3677ED-6FFE-4EF3-809B-9E7DEBA56F1E}.Release|Any CPU.ActiveCfg = Release|Any CPU
		{AA3677ED-6FFE-4EF3-809B-9E7DEBA56F1E}.Release|Any CPU.Build.0 = Release|Any CPU
		{AA3677ED-6FFE-4EF3-809B-9E7DEBA56F1E}.Release|x64.ActiveCfg = Release|Any CPU
		{AA3677ED-6FFE-4EF3-809B-9E7DEBA56F1E}.Release|x64.Build.0 = Release|Any CPU
		{AA3677ED-6FFE-4EF3-809B-9E7DEBA56F1E}.Release|x86.ActiveCfg = Release|Any CPU
		{AA3677ED-6FFE-4EF3-809B-9E7DEBA56F1E}.Release|x86.Build.0 = Release|Any CPU
		{8A70F9F1-E77B-49F6-8761-00667EDF6BB4}.Debug|Any CPU.ActiveCfg = Debug|Any CPU
		{8A70F9F1-E77B-49F6-8761-00667EDF6BB4}.Debug|Any CPU.Build.0 = Debug|Any CPU
		{8A70F9F1-E77B-49F6-8761-00667EDF6BB4}.Debug|x64.ActiveCfg = Debug|Any CPU
		{8A70F9F1-E77B-49F6-8761-00667EDF6BB4}.Debug|x64.Build.0 = Debug|Any CPU
		{8A70F9F1-E77B-49F6-8761-00667EDF6BB4}.Debug|x86.ActiveCfg = Debug|Any CPU
		{8A70F9F1-E77B-49F6-8761-00667EDF6BB4}.Debug|x86.Build.0 = Debug|Any CPU
		{8A70F9F1-E77B-49F6-8761-00667EDF6BB4}.Release|Any CPU.ActiveCfg = Release|Any CPU
		{8A70F9F1-E77B-49F6-8761-00667EDF6BB4}.Release|Any CPU.Build.0 = Release|Any CPU
		{8A70F9F1-E77B-49F6-8761-00667EDF6BB4}.Release|x64.ActiveCfg = Release|Any CPU
		{8A70F9F1-E77B-49F6-8761-00667EDF6BB4}.Release|x64.Build.0 = Release|Any CPU
		{8A70F9F1-E77B-49F6-8761-00667EDF6BB4}.Release|x86.ActiveCfg = Release|Any CPU
		{8A70F9F1-E77B-49F6-8761-00667EDF6BB4}.Release|x86.Build.0 = Release|Any CPU
		{182C363F-4B66-49BE-86BF-D1F2CC47609B}.Debug|Any CPU.ActiveCfg = Debug|Any CPU
		{182C363F-4B66-49BE-86BF-D1F2CC47609B}.Debug|Any CPU.Build.0 = Debug|Any CPU
		{182C363F-4B66-49BE-86BF-D1F2CC47609B}.Debug|x64.ActiveCfg = Debug|Any CPU
		{182C363F-4B66-49BE-86BF-D1F2CC47609B}.Debug|x64.Build.0 = Debug|Any CPU
		{182C363F-4B66-49BE-86BF-D1F2CC47609B}.Debug|x86.ActiveCfg = Debug|Any CPU
		{182C363F-4B66-49BE-86BF-D1F2CC47609B}.Debug|x86.Build.0 = Debug|Any CPU
		{182C363F-4B66-49BE-86BF-D1F2CC47609B}.Release|Any CPU.ActiveCfg = Release|Any CPU
		{182C363F-4B66-49BE-86BF-D1F2CC47609B}.Release|Any CPU.Build.0 = Release|Any CPU
		{182C363F-4B66-49BE-86BF-D1F2CC47609B}.Release|x64.ActiveCfg = Release|Any CPU
		{182C363F-4B66-49BE-86BF-D1F2CC47609B}.Release|x64.Build.0 = Release|Any CPU
		{182C363F-4B66-49BE-86BF-D1F2CC47609B}.Release|x86.ActiveCfg = Release|Any CPU
		{182C363F-4B66-49BE-86BF-D1F2CC47609B}.Release|x86.Build.0 = Release|Any CPU
		{2CFB67A0-FF1A-4C21-AF0B-C091F1F8CEB6}.Debug|Any CPU.ActiveCfg = Debug|Any CPU
		{2CFB67A0-FF1A-4C21-AF0B-C091F1F8CEB6}.Debug|Any CPU.Build.0 = Debug|Any CPU
		{2CFB67A0-FF1A-4C21-AF0B-C091F1F8CEB6}.Debug|x64.ActiveCfg = Debug|Any CPU
		{2CFB67A0-FF1A-4C21-AF0B-C091F1F8CEB6}.Debug|x64.Build.0 = Debug|Any CPU
		{2CFB67A0-FF1A-4C21-AF0B-C091F1F8CEB6}.Debug|x86.ActiveCfg = Debug|Any CPU
		{2CFB67A0-FF1A-4C21-AF0B-C091F1F8CEB6}.Debug|x86.Build.0 = Debug|Any CPU
		{2CFB67A0-FF1A-4C21-AF0B-C091F1F8CEB6}.Release|Any CPU.ActiveCfg = Release|Any CPU
		{2CFB67A0-FF1A-4C21-AF0B-C091F1F8CEB6}.Release|Any CPU.Build.0 = Release|Any CPU
		{2CFB67A0-FF1A-4C21-AF0B-C091F1F8CEB6}.Release|x64.ActiveCfg = Release|Any CPU
		{2CFB67A0-FF1A-4C21-AF0B-C091F1F8CEB6}.Release|x64.Build.0 = Release|Any CPU
		{2CFB67A0-FF1A-4C21-AF0B-C091F1F8CEB6}.Release|x86.ActiveCfg = Release|Any CPU
		{2CFB67A0-FF1A-4C21-AF0B-C091F1F8CEB6}.Release|x86.Build.0 = Release|Any CPU
		{CA28EF1C-0EF5-4EB4-845C-4BBF85BA534C}.Debug|Any CPU.ActiveCfg = Debug|Any CPU
		{CA28EF1C-0EF5-4EB4-845C-4BBF85BA534C}.Debug|Any CPU.Build.0 = Debug|Any CPU
		{CA28EF1C-0EF5-4EB4-845C-4BBF85BA534C}.Debug|x64.ActiveCfg = Debug|Any CPU
		{CA28EF1C-0EF5-4EB4-845C-4BBF85BA534C}.Debug|x64.Build.0 = Debug|Any CPU
		{CA28EF1C-0EF5-4EB4-845C-4BBF85BA534C}.Debug|x86.ActiveCfg = Debug|Any CPU
		{CA28EF1C-0EF5-4EB4-845C-4BBF85BA534C}.Debug|x86.Build.0 = Debug|Any CPU
		{CA28EF1C-0EF5-4EB4-845C-4BBF85BA534C}.Release|Any CPU.ActiveCfg = Release|Any CPU
		{CA28EF1C-0EF5-4EB4-845C-4BBF85BA534C}.Release|Any CPU.Build.0 = Release|Any CPU
		{CA28EF1C-0EF5-4EB4-845C-4BBF85BA534C}.Release|x64.ActiveCfg = Release|Any CPU
		{CA28EF1C-0EF5-4EB4-845C-4BBF85BA534C}.Release|x64.Build.0 = Release|Any CPU
		{CA28EF1C-0EF5-4EB4-845C-4BBF85BA534C}.Release|x86.ActiveCfg = Release|Any CPU
		{CA28EF1C-0EF5-4EB4-845C-4BBF85BA534C}.Release|x86.Build.0 = Release|Any CPU
		{142282DC-8A4B-4346-BBF8-826DBA4B303A}.Debug|Any CPU.ActiveCfg = Debug|Any CPU
		{142282DC-8A4B-4346-BBF8-826DBA4B303A}.Debug|Any CPU.Build.0 = Debug|Any CPU
		{142282DC-8A4B-4346-BBF8-826DBA4B303A}.Debug|x64.ActiveCfg = Debug|Any CPU
		{142282DC-8A4B-4346-BBF8-826DBA4B303A}.Debug|x64.Build.0 = Debug|Any CPU
		{142282DC-8A4B-4346-BBF8-826DBA4B303A}.Debug|x86.ActiveCfg = Debug|Any CPU
		{142282DC-8A4B-4346-BBF8-826DBA4B303A}.Debug|x86.Build.0 = Debug|Any CPU
		{142282DC-8A4B-4346-BBF8-826DBA4B303A}.Release|Any CPU.ActiveCfg = Release|Any CPU
		{142282DC-8A4B-4346-BBF8-826DBA4B303A}.Release|Any CPU.Build.0 = Release|Any CPU
		{142282DC-8A4B-4346-BBF8-826DBA4B303A}.Release|x64.ActiveCfg = Release|Any CPU
		{142282DC-8A4B-4346-BBF8-826DBA4B303A}.Release|x64.Build.0 = Release|Any CPU
		{142282DC-8A4B-4346-BBF8-826DBA4B303A}.Release|x86.ActiveCfg = Release|Any CPU
		{142282DC-8A4B-4346-BBF8-826DBA4B303A}.Release|x86.Build.0 = Release|Any CPU
		{69F10E9B-681C-4EF2-A938-F00C5D81AF26}.Debug|Any CPU.ActiveCfg = Debug|Any CPU
		{69F10E9B-681C-4EF2-A938-F00C5D81AF26}.Debug|Any CPU.Build.0 = Debug|Any CPU
		{69F10E9B-681C-4EF2-A938-F00C5D81AF26}.Debug|x64.ActiveCfg = Debug|Any CPU
		{69F10E9B-681C-4EF2-A938-F00C5D81AF26}.Debug|x64.Build.0 = Debug|Any CPU
		{69F10E9B-681C-4EF2-A938-F00C5D81AF26}.Debug|x86.ActiveCfg = Debug|Any CPU
		{69F10E9B-681C-4EF2-A938-F00C5D81AF26}.Debug|x86.Build.0 = Debug|Any CPU
		{69F10E9B-681C-4EF2-A938-F00C5D81AF26}.Release|Any CPU.ActiveCfg = Release|Any CPU
		{69F10E9B-681C-4EF2-A938-F00C5D81AF26}.Release|Any CPU.Build.0 = Release|Any CPU
		{69F10E9B-681C-4EF2-A938-F00C5D81AF26}.Release|x64.ActiveCfg = Release|Any CPU
		{69F10E9B-681C-4EF2-A938-F00C5D81AF26}.Release|x64.Build.0 = Release|Any CPU
		{69F10E9B-681C-4EF2-A938-F00C5D81AF26}.Release|x86.ActiveCfg = Release|Any CPU
		{69F10E9B-681C-4EF2-A938-F00C5D81AF26}.Release|x86.Build.0 = Release|Any CPU
		{589E7E3A-4404-495B-A573-348787D35033}.Debug|Any CPU.ActiveCfg = Debug|Any CPU
		{589E7E3A-4404-495B-A573-348787D35033}.Debug|Any CPU.Build.0 = Debug|Any CPU
		{589E7E3A-4404-495B-A573-348787D35033}.Debug|x64.ActiveCfg = Debug|Any CPU
		{589E7E3A-4404-495B-A573-348787D35033}.Debug|x64.Build.0 = Debug|Any CPU
		{589E7E3A-4404-495B-A573-348787D35033}.Debug|x86.ActiveCfg = Debug|Any CPU
		{589E7E3A-4404-495B-A573-348787D35033}.Debug|x86.Build.0 = Debug|Any CPU
		{589E7E3A-4404-495B-A573-348787D35033}.Release|Any CPU.ActiveCfg = Release|Any CPU
		{589E7E3A-4404-495B-A573-348787D35033}.Release|Any CPU.Build.0 = Release|Any CPU
		{589E7E3A-4404-495B-A573-348787D35033}.Release|x64.ActiveCfg = Release|Any CPU
		{589E7E3A-4404-495B-A573-348787D35033}.Release|x64.Build.0 = Release|Any CPU
		{589E7E3A-4404-495B-A573-348787D35033}.Release|x86.ActiveCfg = Release|Any CPU
		{589E7E3A-4404-495B-A573-348787D35033}.Release|x86.Build.0 = Release|Any CPU
		{402DA6B6-8198-475A-906B-7F0F98E3468C}.Debug|Any CPU.ActiveCfg = Debug|Any CPU
		{402DA6B6-8198-475A-906B-7F0F98E3468C}.Debug|Any CPU.Build.0 = Debug|Any CPU
		{402DA6B6-8198-475A-906B-7F0F98E3468C}.Debug|x64.ActiveCfg = Debug|Any CPU
		{402DA6B6-8198-475A-906B-7F0F98E3468C}.Debug|x64.Build.0 = Debug|Any CPU
		{402DA6B6-8198-475A-906B-7F0F98E3468C}.Debug|x86.ActiveCfg = Debug|Any CPU
		{402DA6B6-8198-475A-906B-7F0F98E3468C}.Debug|x86.Build.0 = Debug|Any CPU
		{402DA6B6-8198-475A-906B-7F0F98E3468C}.Release|Any CPU.ActiveCfg = Release|Any CPU
		{402DA6B6-8198-475A-906B-7F0F98E3468C}.Release|Any CPU.Build.0 = Release|Any CPU
		{402DA6B6-8198-475A-906B-7F0F98E3468C}.Release|x64.ActiveCfg = Release|Any CPU
		{402DA6B6-8198-475A-906B-7F0F98E3468C}.Release|x64.Build.0 = Release|Any CPU
		{402DA6B6-8198-475A-906B-7F0F98E3468C}.Release|x86.ActiveCfg = Release|Any CPU
		{402DA6B6-8198-475A-906B-7F0F98E3468C}.Release|x86.Build.0 = Release|Any CPU
		{73549EFF-8D8E-441A-A04D-2CC74BCE5297}.Debug|Any CPU.ActiveCfg = Debug|Any CPU
		{73549EFF-8D8E-441A-A04D-2CC74BCE5297}.Debug|Any CPU.Build.0 = Debug|Any CPU
		{73549EFF-8D8E-441A-A04D-2CC74BCE5297}.Debug|x64.ActiveCfg = Debug|Any CPU
		{73549EFF-8D8E-441A-A04D-2CC74BCE5297}.Debug|x64.Build.0 = Debug|Any CPU
		{73549EFF-8D8E-441A-A04D-2CC74BCE5297}.Debug|x86.ActiveCfg = Debug|Any CPU
		{73549EFF-8D8E-441A-A04D-2CC74BCE5297}.Debug|x86.Build.0 = Debug|Any CPU
		{73549EFF-8D8E-441A-A04D-2CC74BCE5297}.Release|Any CPU.ActiveCfg = Release|Any CPU
		{73549EFF-8D8E-441A-A04D-2CC74BCE5297}.Release|Any CPU.Build.0 = Release|Any CPU
		{73549EFF-8D8E-441A-A04D-2CC74BCE5297}.Release|x64.ActiveCfg = Release|Any CPU
		{73549EFF-8D8E-441A-A04D-2CC74BCE5297}.Release|x64.Build.0 = Release|Any CPU
		{73549EFF-8D8E-441A-A04D-2CC74BCE5297}.Release|x86.ActiveCfg = Release|Any CPU
		{73549EFF-8D8E-441A-A04D-2CC74BCE5297}.Release|x86.Build.0 = Release|Any CPU
		{18E7569F-80D3-45E5-8845-3102D8AD6782}.Debug|Any CPU.ActiveCfg = Debug|Any CPU
		{18E7569F-80D3-45E5-8845-3102D8AD6782}.Debug|Any CPU.Build.0 = Debug|Any CPU
		{18E7569F-80D3-45E5-8845-3102D8AD6782}.Debug|x64.ActiveCfg = Debug|Any CPU
		{18E7569F-80D3-45E5-8845-3102D8AD6782}.Debug|x64.Build.0 = Debug|Any CPU
		{18E7569F-80D3-45E5-8845-3102D8AD6782}.Debug|x86.ActiveCfg = Debug|Any CPU
		{18E7569F-80D3-45E5-8845-3102D8AD6782}.Debug|x86.Build.0 = Debug|Any CPU
		{18E7569F-80D3-45E5-8845-3102D8AD6782}.Release|Any CPU.ActiveCfg = Release|Any CPU
		{18E7569F-80D3-45E5-8845-3102D8AD6782}.Release|Any CPU.Build.0 = Release|Any CPU
		{18E7569F-80D3-45E5-8845-3102D8AD6782}.Release|x64.ActiveCfg = Release|Any CPU
		{18E7569F-80D3-45E5-8845-3102D8AD6782}.Release|x64.Build.0 = Release|Any CPU
		{18E7569F-80D3-45E5-8845-3102D8AD6782}.Release|x86.ActiveCfg = Release|Any CPU
		{18E7569F-80D3-45E5-8845-3102D8AD6782}.Release|x86.Build.0 = Release|Any CPU
		{67CCBC61-4036-4440-B619-143526CB09FF}.Debug|Any CPU.ActiveCfg = Debug|Any CPU
		{67CCBC61-4036-4440-B619-143526CB09FF}.Debug|Any CPU.Build.0 = Debug|Any CPU
		{67CCBC61-4036-4440-B619-143526CB09FF}.Debug|x64.ActiveCfg = Debug|Any CPU
		{67CCBC61-4036-4440-B619-143526CB09FF}.Debug|x64.Build.0 = Debug|Any CPU
		{67CCBC61-4036-4440-B619-143526CB09FF}.Debug|x86.ActiveCfg = Debug|Any CPU
		{67CCBC61-4036-4440-B619-143526CB09FF}.Debug|x86.Build.0 = Debug|Any CPU
		{67CCBC61-4036-4440-B619-143526CB09FF}.Release|Any CPU.ActiveCfg = Release|Any CPU
		{67CCBC61-4036-4440-B619-143526CB09FF}.Release|Any CPU.Build.0 = Release|Any CPU
		{67CCBC61-4036-4440-B619-143526CB09FF}.Release|x64.ActiveCfg = Release|Any CPU
		{67CCBC61-4036-4440-B619-143526CB09FF}.Release|x64.Build.0 = Release|Any CPU
		{67CCBC61-4036-4440-B619-143526CB09FF}.Release|x86.ActiveCfg = Release|Any CPU
		{67CCBC61-4036-4440-B619-143526CB09FF}.Release|x86.Build.0 = Release|Any CPU
		{E93A2E49-E339-4A14-864C-DFC3AF2E00E1}.Debug|Any CPU.ActiveCfg = Debug|Any CPU
		{E93A2E49-E339-4A14-864C-DFC3AF2E00E1}.Debug|Any CPU.Build.0 = Debug|Any CPU
		{E93A2E49-E339-4A14-864C-DFC3AF2E00E1}.Debug|x64.ActiveCfg = Debug|Any CPU
		{E93A2E49-E339-4A14-864C-DFC3AF2E00E1}.Debug|x64.Build.0 = Debug|Any CPU
		{E93A2E49-E339-4A14-864C-DFC3AF2E00E1}.Debug|x86.ActiveCfg = Debug|Any CPU
		{E93A2E49-E339-4A14-864C-DFC3AF2E00E1}.Debug|x86.Build.0 = Debug|Any CPU
		{E93A2E49-E339-4A14-864C-DFC3AF2E00E1}.Release|Any CPU.ActiveCfg = Release|Any CPU
		{E93A2E49-E339-4A14-864C-DFC3AF2E00E1}.Release|Any CPU.Build.0 = Release|Any CPU
		{E93A2E49-E339-4A14-864C-DFC3AF2E00E1}.Release|x64.ActiveCfg = Release|Any CPU
		{E93A2E49-E339-4A14-864C-DFC3AF2E00E1}.Release|x64.Build.0 = Release|Any CPU
		{E93A2E49-E339-4A14-864C-DFC3AF2E00E1}.Release|x86.ActiveCfg = Release|Any CPU
		{E93A2E49-E339-4A14-864C-DFC3AF2E00E1}.Release|x86.Build.0 = Release|Any CPU
		{F62D89B3-CC8B-47F5-8F50-83BF1668EA85}.Debug|Any CPU.ActiveCfg = Debug|Any CPU
		{F62D89B3-CC8B-47F5-8F50-83BF1668EA85}.Debug|Any CPU.Build.0 = Debug|Any CPU
		{F62D89B3-CC8B-47F5-8F50-83BF1668EA85}.Debug|x64.ActiveCfg = Debug|Any CPU
		{F62D89B3-CC8B-47F5-8F50-83BF1668EA85}.Debug|x64.Build.0 = Debug|Any CPU
		{F62D89B3-CC8B-47F5-8F50-83BF1668EA85}.Debug|x86.ActiveCfg = Debug|Any CPU
		{F62D89B3-CC8B-47F5-8F50-83BF1668EA85}.Debug|x86.Build.0 = Debug|Any CPU
		{F62D89B3-CC8B-47F5-8F50-83BF1668EA85}.Release|Any CPU.ActiveCfg = Release|Any CPU
		{F62D89B3-CC8B-47F5-8F50-83BF1668EA85}.Release|Any CPU.Build.0 = Release|Any CPU
		{F62D89B3-CC8B-47F5-8F50-83BF1668EA85}.Release|x64.ActiveCfg = Release|Any CPU
		{F62D89B3-CC8B-47F5-8F50-83BF1668EA85}.Release|x64.Build.0 = Release|Any CPU
		{F62D89B3-CC8B-47F5-8F50-83BF1668EA85}.Release|x86.ActiveCfg = Release|Any CPU
		{F62D89B3-CC8B-47F5-8F50-83BF1668EA85}.Release|x86.Build.0 = Release|Any CPU
		{0B28D6BD-1708-4455-9A94-BAC0BED1017C}.Debug|Any CPU.ActiveCfg = Debug|Any CPU
		{0B28D6BD-1708-4455-9A94-BAC0BED1017C}.Debug|Any CPU.Build.0 = Debug|Any CPU
		{0B28D6BD-1708-4455-9A94-BAC0BED1017C}.Debug|x64.ActiveCfg = Debug|Any CPU
		{0B28D6BD-1708-4455-9A94-BAC0BED1017C}.Debug|x64.Build.0 = Debug|Any CPU
		{0B28D6BD-1708-4455-9A94-BAC0BED1017C}.Debug|x86.ActiveCfg = Debug|Any CPU
		{0B28D6BD-1708-4455-9A94-BAC0BED1017C}.Debug|x86.Build.0 = Debug|Any CPU
		{0B28D6BD-1708-4455-9A94-BAC0BED1017C}.Release|Any CPU.ActiveCfg = Release|Any CPU
		{0B28D6BD-1708-4455-9A94-BAC0BED1017C}.Release|Any CPU.Build.0 = Release|Any CPU
		{0B28D6BD-1708-4455-9A94-BAC0BED1017C}.Release|x64.ActiveCfg = Release|Any CPU
		{0B28D6BD-1708-4455-9A94-BAC0BED1017C}.Release|x64.Build.0 = Release|Any CPU
		{0B28D6BD-1708-4455-9A94-BAC0BED1017C}.Release|x86.ActiveCfg = Release|Any CPU
		{0B28D6BD-1708-4455-9A94-BAC0BED1017C}.Release|x86.Build.0 = Release|Any CPU
		{F507E938-95FD-449A-92F1-059D508F5ACF}.Debug|Any CPU.ActiveCfg = Debug|Any CPU
		{F507E938-95FD-449A-92F1-059D508F5ACF}.Debug|Any CPU.Build.0 = Debug|Any CPU
		{F507E938-95FD-449A-92F1-059D508F5ACF}.Debug|x64.ActiveCfg = Debug|Any CPU
		{F507E938-95FD-449A-92F1-059D508F5ACF}.Debug|x64.Build.0 = Debug|Any CPU
		{F507E938-95FD-449A-92F1-059D508F5ACF}.Debug|x86.ActiveCfg = Debug|Any CPU
		{F507E938-95FD-449A-92F1-059D508F5ACF}.Debug|x86.Build.0 = Debug|Any CPU
		{F507E938-95FD-449A-92F1-059D508F5ACF}.Release|Any CPU.ActiveCfg = Release|Any CPU
		{F507E938-95FD-449A-92F1-059D508F5ACF}.Release|Any CPU.Build.0 = Release|Any CPU
		{F507E938-95FD-449A-92F1-059D508F5ACF}.Release|x64.ActiveCfg = Release|Any CPU
		{F507E938-95FD-449A-92F1-059D508F5ACF}.Release|x64.Build.0 = Release|Any CPU
		{F507E938-95FD-449A-92F1-059D508F5ACF}.Release|x86.ActiveCfg = Release|Any CPU
		{F507E938-95FD-449A-92F1-059D508F5ACF}.Release|x86.Build.0 = Release|Any CPU
		{81452826-C90E-44CE-96FB-5F2D7D6286F4}.Debug|Any CPU.ActiveCfg = Debug|Any CPU
		{81452826-C90E-44CE-96FB-5F2D7D6286F4}.Debug|Any CPU.Build.0 = Debug|Any CPU
		{81452826-C90E-44CE-96FB-5F2D7D6286F4}.Debug|x64.ActiveCfg = Debug|Any CPU
		{81452826-C90E-44CE-96FB-5F2D7D6286F4}.Debug|x64.Build.0 = Debug|Any CPU
		{81452826-C90E-44CE-96FB-5F2D7D6286F4}.Debug|x86.ActiveCfg = Debug|Any CPU
		{81452826-C90E-44CE-96FB-5F2D7D6286F4}.Debug|x86.Build.0 = Debug|Any CPU
		{81452826-C90E-44CE-96FB-5F2D7D6286F4}.Release|Any CPU.ActiveCfg = Release|Any CPU
		{81452826-C90E-44CE-96FB-5F2D7D6286F4}.Release|Any CPU.Build.0 = Release|Any CPU
		{81452826-C90E-44CE-96FB-5F2D7D6286F4}.Release|x64.ActiveCfg = Release|Any CPU
		{81452826-C90E-44CE-96FB-5F2D7D6286F4}.Release|x64.Build.0 = Release|Any CPU
		{81452826-C90E-44CE-96FB-5F2D7D6286F4}.Release|x86.ActiveCfg = Release|Any CPU
		{81452826-C90E-44CE-96FB-5F2D7D6286F4}.Release|x86.Build.0 = Release|Any CPU
		{A1C792B0-F93E-4997-A26F-6C5C7AA72556}.Debug|Any CPU.ActiveCfg = Debug|Any CPU
		{A1C792B0-F93E-4997-A26F-6C5C7AA72556}.Debug|Any CPU.Build.0 = Debug|Any CPU
		{A1C792B0-F93E-4997-A26F-6C5C7AA72556}.Debug|x64.ActiveCfg = Debug|Any CPU
		{A1C792B0-F93E-4997-A26F-6C5C7AA72556}.Debug|x64.Build.0 = Debug|Any CPU
		{A1C792B0-F93E-4997-A26F-6C5C7AA72556}.Debug|x86.ActiveCfg = Debug|Any CPU
		{A1C792B0-F93E-4997-A26F-6C5C7AA72556}.Debug|x86.Build.0 = Debug|Any CPU
		{A1C792B0-F93E-4997-A26F-6C5C7AA72556}.Release|Any CPU.ActiveCfg = Release|Any CPU
		{A1C792B0-F93E-4997-A26F-6C5C7AA72556}.Release|Any CPU.Build.0 = Release|Any CPU
		{A1C792B0-F93E-4997-A26F-6C5C7AA72556}.Release|x64.ActiveCfg = Release|Any CPU
		{A1C792B0-F93E-4997-A26F-6C5C7AA72556}.Release|x64.Build.0 = Release|Any CPU
		{A1C792B0-F93E-4997-A26F-6C5C7AA72556}.Release|x86.ActiveCfg = Release|Any CPU
		{A1C792B0-F93E-4997-A26F-6C5C7AA72556}.Release|x86.Build.0 = Release|Any CPU
		{6577ADB5-983B-4B4D-A3B9-1CA0703A7E6A}.Debug|Any CPU.ActiveCfg = Debug|Any CPU
		{6577ADB5-983B-4B4D-A3B9-1CA0703A7E6A}.Debug|Any CPU.Build.0 = Debug|Any CPU
		{6577ADB5-983B-4B4D-A3B9-1CA0703A7E6A}.Debug|x64.ActiveCfg = Debug|Any CPU
		{6577ADB5-983B-4B4D-A3B9-1CA0703A7E6A}.Debug|x64.Build.0 = Debug|Any CPU
		{6577ADB5-983B-4B4D-A3B9-1CA0703A7E6A}.Debug|x86.ActiveCfg = Debug|Any CPU
		{6577ADB5-983B-4B4D-A3B9-1CA0703A7E6A}.Debug|x86.Build.0 = Debug|Any CPU
		{6577ADB5-983B-4B4D-A3B9-1CA0703A7E6A}.Release|Any CPU.ActiveCfg = Release|Any CPU
		{6577ADB5-983B-4B4D-A3B9-1CA0703A7E6A}.Release|Any CPU.Build.0 = Release|Any CPU
		{6577ADB5-983B-4B4D-A3B9-1CA0703A7E6A}.Release|x64.ActiveCfg = Release|Any CPU
		{6577ADB5-983B-4B4D-A3B9-1CA0703A7E6A}.Release|x64.Build.0 = Release|Any CPU
		{6577ADB5-983B-4B4D-A3B9-1CA0703A7E6A}.Release|x86.ActiveCfg = Release|Any CPU
		{6577ADB5-983B-4B4D-A3B9-1CA0703A7E6A}.Release|x86.Build.0 = Release|Any CPU
		{1B8844BF-FF54-4823-AB59-3BDE95D5EE5F}.Debug|Any CPU.ActiveCfg = Debug|Any CPU
		{1B8844BF-FF54-4823-AB59-3BDE95D5EE5F}.Debug|Any CPU.Build.0 = Debug|Any CPU
		{1B8844BF-FF54-4823-AB59-3BDE95D5EE5F}.Debug|x64.ActiveCfg = Debug|Any CPU
		{1B8844BF-FF54-4823-AB59-3BDE95D5EE5F}.Debug|x64.Build.0 = Debug|Any CPU
		{1B8844BF-FF54-4823-AB59-3BDE95D5EE5F}.Debug|x86.ActiveCfg = Debug|Any CPU
		{1B8844BF-FF54-4823-AB59-3BDE95D5EE5F}.Debug|x86.Build.0 = Debug|Any CPU
		{1B8844BF-FF54-4823-AB59-3BDE95D5EE5F}.Release|Any CPU.ActiveCfg = Release|Any CPU
		{1B8844BF-FF54-4823-AB59-3BDE95D5EE5F}.Release|Any CPU.Build.0 = Release|Any CPU
		{1B8844BF-FF54-4823-AB59-3BDE95D5EE5F}.Release|x64.ActiveCfg = Release|Any CPU
		{1B8844BF-FF54-4823-AB59-3BDE95D5EE5F}.Release|x64.Build.0 = Release|Any CPU
		{1B8844BF-FF54-4823-AB59-3BDE95D5EE5F}.Release|x86.ActiveCfg = Release|Any CPU
		{1B8844BF-FF54-4823-AB59-3BDE95D5EE5F}.Release|x86.Build.0 = Release|Any CPU
		{02F44A4B-93BF-4DC9-ACF5-8C35B759FD93}.Debug|Any CPU.ActiveCfg = Debug|Any CPU
		{02F44A4B-93BF-4DC9-ACF5-8C35B759FD93}.Debug|Any CPU.Build.0 = Debug|Any CPU
		{02F44A4B-93BF-4DC9-ACF5-8C35B759FD93}.Debug|x64.ActiveCfg = Debug|Any CPU
		{02F44A4B-93BF-4DC9-ACF5-8C35B759FD93}.Debug|x64.Build.0 = Debug|Any CPU
		{02F44A4B-93BF-4DC9-ACF5-8C35B759FD93}.Debug|x86.ActiveCfg = Debug|Any CPU
		{02F44A4B-93BF-4DC9-ACF5-8C35B759FD93}.Debug|x86.Build.0 = Debug|Any CPU
		{02F44A4B-93BF-4DC9-ACF5-8C35B759FD93}.Release|Any CPU.ActiveCfg = Release|Any CPU
		{02F44A4B-93BF-4DC9-ACF5-8C35B759FD93}.Release|Any CPU.Build.0 = Release|Any CPU
		{02F44A4B-93BF-4DC9-ACF5-8C35B759FD93}.Release|x64.ActiveCfg = Release|Any CPU
		{02F44A4B-93BF-4DC9-ACF5-8C35B759FD93}.Release|x64.Build.0 = Release|Any CPU
		{02F44A4B-93BF-4DC9-ACF5-8C35B759FD93}.Release|x86.ActiveCfg = Release|Any CPU
		{02F44A4B-93BF-4DC9-ACF5-8C35B759FD93}.Release|x86.Build.0 = Release|Any CPU
		{A9BAD05D-89F8-4CDE-8660-A7D447856DA8}.Debug|Any CPU.ActiveCfg = Debug|Any CPU
		{A9BAD05D-89F8-4CDE-8660-A7D447856DA8}.Debug|Any CPU.Build.0 = Debug|Any CPU
		{A9BAD05D-89F8-4CDE-8660-A7D447856DA8}.Debug|x64.ActiveCfg = Debug|Any CPU
		{A9BAD05D-89F8-4CDE-8660-A7D447856DA8}.Debug|x64.Build.0 = Debug|Any CPU
		{A9BAD05D-89F8-4CDE-8660-A7D447856DA8}.Debug|x86.ActiveCfg = Debug|Any CPU
		{A9BAD05D-89F8-4CDE-8660-A7D447856DA8}.Debug|x86.Build.0 = Debug|Any CPU
		{A9BAD05D-89F8-4CDE-8660-A7D447856DA8}.Release|Any CPU.ActiveCfg = Release|Any CPU
		{A9BAD05D-89F8-4CDE-8660-A7D447856DA8}.Release|Any CPU.Build.0 = Release|Any CPU
		{A9BAD05D-89F8-4CDE-8660-A7D447856DA8}.Release|x64.ActiveCfg = Release|Any CPU
		{A9BAD05D-89F8-4CDE-8660-A7D447856DA8}.Release|x64.Build.0 = Release|Any CPU
		{A9BAD05D-89F8-4CDE-8660-A7D447856DA8}.Release|x86.ActiveCfg = Release|Any CPU
		{A9BAD05D-89F8-4CDE-8660-A7D447856DA8}.Release|x86.Build.0 = Release|Any CPU
		{728F04D1-BF65-476A-975E-30FCE6D78770}.Debug|Any CPU.ActiveCfg = Debug|Any CPU
		{728F04D1-BF65-476A-975E-30FCE6D78770}.Debug|Any CPU.Build.0 = Debug|Any CPU
		{728F04D1-BF65-476A-975E-30FCE6D78770}.Debug|x64.ActiveCfg = Debug|Any CPU
		{728F04D1-BF65-476A-975E-30FCE6D78770}.Debug|x64.Build.0 = Debug|Any CPU
		{728F04D1-BF65-476A-975E-30FCE6D78770}.Debug|x86.ActiveCfg = Debug|Any CPU
		{728F04D1-BF65-476A-975E-30FCE6D78770}.Debug|x86.Build.0 = Debug|Any CPU
		{728F04D1-BF65-476A-975E-30FCE6D78770}.Release|Any CPU.ActiveCfg = Release|Any CPU
		{728F04D1-BF65-476A-975E-30FCE6D78770}.Release|Any CPU.Build.0 = Release|Any CPU
		{728F04D1-BF65-476A-975E-30FCE6D78770}.Release|x64.ActiveCfg = Release|Any CPU
		{728F04D1-BF65-476A-975E-30FCE6D78770}.Release|x64.Build.0 = Release|Any CPU
		{728F04D1-BF65-476A-975E-30FCE6D78770}.Release|x86.ActiveCfg = Release|Any CPU
		{728F04D1-BF65-476A-975E-30FCE6D78770}.Release|x86.Build.0 = Release|Any CPU
		{81D0AA9C-ED95-4CD5-BBBD-631462FD1C4B}.Debug|Any CPU.ActiveCfg = Debug|Any CPU
		{81D0AA9C-ED95-4CD5-BBBD-631462FD1C4B}.Debug|Any CPU.Build.0 = Debug|Any CPU
		{81D0AA9C-ED95-4CD5-BBBD-631462FD1C4B}.Debug|x64.ActiveCfg = Debug|Any CPU
		{81D0AA9C-ED95-4CD5-BBBD-631462FD1C4B}.Debug|x64.Build.0 = Debug|Any CPU
		{81D0AA9C-ED95-4CD5-BBBD-631462FD1C4B}.Debug|x86.ActiveCfg = Debug|Any CPU
		{81D0AA9C-ED95-4CD5-BBBD-631462FD1C4B}.Debug|x86.Build.0 = Debug|Any CPU
		{81D0AA9C-ED95-4CD5-BBBD-631462FD1C4B}.Release|Any CPU.ActiveCfg = Release|Any CPU
		{81D0AA9C-ED95-4CD5-BBBD-631462FD1C4B}.Release|Any CPU.Build.0 = Release|Any CPU
		{81D0AA9C-ED95-4CD5-BBBD-631462FD1C4B}.Release|x64.ActiveCfg = Release|Any CPU
		{81D0AA9C-ED95-4CD5-BBBD-631462FD1C4B}.Release|x64.Build.0 = Release|Any CPU
		{81D0AA9C-ED95-4CD5-BBBD-631462FD1C4B}.Release|x86.ActiveCfg = Release|Any CPU
		{81D0AA9C-ED95-4CD5-BBBD-631462FD1C4B}.Release|x86.Build.0 = Release|Any CPU
		{92AAD152-7864-4DCE-B337-D35E2524931C}.Debug|Any CPU.ActiveCfg = Debug|Any CPU
		{92AAD152-7864-4DCE-B337-D35E2524931C}.Debug|Any CPU.Build.0 = Debug|Any CPU
		{92AAD152-7864-4DCE-B337-D35E2524931C}.Debug|x64.ActiveCfg = Debug|Any CPU
		{92AAD152-7864-4DCE-B337-D35E2524931C}.Debug|x64.Build.0 = Debug|Any CPU
		{92AAD152-7864-4DCE-B337-D35E2524931C}.Debug|x86.ActiveCfg = Debug|Any CPU
		{92AAD152-7864-4DCE-B337-D35E2524931C}.Debug|x86.Build.0 = Debug|Any CPU
		{92AAD152-7864-4DCE-B337-D35E2524931C}.Release|Any CPU.ActiveCfg = Release|Any CPU
		{92AAD152-7864-4DCE-B337-D35E2524931C}.Release|Any CPU.Build.0 = Release|Any CPU
		{92AAD152-7864-4DCE-B337-D35E2524931C}.Release|x64.ActiveCfg = Release|Any CPU
		{92AAD152-7864-4DCE-B337-D35E2524931C}.Release|x64.Build.0 = Release|Any CPU
		{92AAD152-7864-4DCE-B337-D35E2524931C}.Release|x86.ActiveCfg = Release|Any CPU
		{92AAD152-7864-4DCE-B337-D35E2524931C}.Release|x86.Build.0 = Release|Any CPU
		{8DE30C5A-BBA6-4F65-8E75-0F3F36914240}.Debug|Any CPU.ActiveCfg = Debug|Any CPU
		{8DE30C5A-BBA6-4F65-8E75-0F3F36914240}.Debug|Any CPU.Build.0 = Debug|Any CPU
		{8DE30C5A-BBA6-4F65-8E75-0F3F36914240}.Debug|x64.ActiveCfg = Debug|Any CPU
		{8DE30C5A-BBA6-4F65-8E75-0F3F36914240}.Debug|x64.Build.0 = Debug|Any CPU
		{8DE30C5A-BBA6-4F65-8E75-0F3F36914240}.Debug|x86.ActiveCfg = Debug|Any CPU
		{8DE30C5A-BBA6-4F65-8E75-0F3F36914240}.Debug|x86.Build.0 = Debug|Any CPU
		{8DE30C5A-BBA6-4F65-8E75-0F3F36914240}.Release|Any CPU.ActiveCfg = Release|Any CPU
		{8DE30C5A-BBA6-4F65-8E75-0F3F36914240}.Release|Any CPU.Build.0 = Release|Any CPU
		{8DE30C5A-BBA6-4F65-8E75-0F3F36914240}.Release|x64.ActiveCfg = Release|Any CPU
		{8DE30C5A-BBA6-4F65-8E75-0F3F36914240}.Release|x64.Build.0 = Release|Any CPU
		{8DE30C5A-BBA6-4F65-8E75-0F3F36914240}.Release|x86.ActiveCfg = Release|Any CPU
		{8DE30C5A-BBA6-4F65-8E75-0F3F36914240}.Release|x86.Build.0 = Release|Any CPU
		{E90EDB9B-7AF2-46F7-9ECF-D850D6646A79}.Debug|Any CPU.ActiveCfg = Debug|Any CPU
		{E90EDB9B-7AF2-46F7-9ECF-D850D6646A79}.Debug|Any CPU.Build.0 = Debug|Any CPU
		{E90EDB9B-7AF2-46F7-9ECF-D850D6646A79}.Debug|x64.ActiveCfg = Debug|Any CPU
		{E90EDB9B-7AF2-46F7-9ECF-D850D6646A79}.Debug|x64.Build.0 = Debug|Any CPU
		{E90EDB9B-7AF2-46F7-9ECF-D850D6646A79}.Debug|x86.ActiveCfg = Debug|Any CPU
		{E90EDB9B-7AF2-46F7-9ECF-D850D6646A79}.Debug|x86.Build.0 = Debug|Any CPU
		{E90EDB9B-7AF2-46F7-9ECF-D850D6646A79}.Release|Any CPU.ActiveCfg = Release|Any CPU
		{E90EDB9B-7AF2-46F7-9ECF-D850D6646A79}.Release|Any CPU.Build.0 = Release|Any CPU
		{E90EDB9B-7AF2-46F7-9ECF-D850D6646A79}.Release|x64.ActiveCfg = Release|Any CPU
		{E90EDB9B-7AF2-46F7-9ECF-D850D6646A79}.Release|x64.Build.0 = Release|Any CPU
		{E90EDB9B-7AF2-46F7-9ECF-D850D6646A79}.Release|x86.ActiveCfg = Release|Any CPU
		{E90EDB9B-7AF2-46F7-9ECF-D850D6646A79}.Release|x86.Build.0 = Release|Any CPU
		{E8C10AE7-56E6-4DB0-80D0-493FAD298A56}.Debug|Any CPU.ActiveCfg = Debug|Any CPU
		{E8C10AE7-56E6-4DB0-80D0-493FAD298A56}.Debug|Any CPU.Build.0 = Debug|Any CPU
		{E8C10AE7-56E6-4DB0-80D0-493FAD298A56}.Debug|x64.ActiveCfg = Debug|Any CPU
		{E8C10AE7-56E6-4DB0-80D0-493FAD298A56}.Debug|x64.Build.0 = Debug|Any CPU
		{E8C10AE7-56E6-4DB0-80D0-493FAD298A56}.Debug|x86.ActiveCfg = Debug|Any CPU
		{E8C10AE7-56E6-4DB0-80D0-493FAD298A56}.Debug|x86.Build.0 = Debug|Any CPU
		{E8C10AE7-56E6-4DB0-80D0-493FAD298A56}.Release|Any CPU.ActiveCfg = Release|Any CPU
		{E8C10AE7-56E6-4DB0-80D0-493FAD298A56}.Release|Any CPU.Build.0 = Release|Any CPU
		{E8C10AE7-56E6-4DB0-80D0-493FAD298A56}.Release|x64.ActiveCfg = Release|Any CPU
		{E8C10AE7-56E6-4DB0-80D0-493FAD298A56}.Release|x64.Build.0 = Release|Any CPU
		{E8C10AE7-56E6-4DB0-80D0-493FAD298A56}.Release|x86.ActiveCfg = Release|Any CPU
		{E8C10AE7-56E6-4DB0-80D0-493FAD298A56}.Release|x86.Build.0 = Release|Any CPU
		{9EBC751C-3025-4147-B7AF-E055D7413ECB}.Debug|Any CPU.ActiveCfg = Debug|Any CPU
		{9EBC751C-3025-4147-B7AF-E055D7413ECB}.Debug|Any CPU.Build.0 = Debug|Any CPU
		{9EBC751C-3025-4147-B7AF-E055D7413ECB}.Debug|x64.ActiveCfg = Debug|Any CPU
		{9EBC751C-3025-4147-B7AF-E055D7413ECB}.Debug|x64.Build.0 = Debug|Any CPU
		{9EBC751C-3025-4147-B7AF-E055D7413ECB}.Debug|x86.ActiveCfg = Debug|Any CPU
		{9EBC751C-3025-4147-B7AF-E055D7413ECB}.Debug|x86.Build.0 = Debug|Any CPU
		{9EBC751C-3025-4147-B7AF-E055D7413ECB}.Release|Any CPU.ActiveCfg = Release|Any CPU
		{9EBC751C-3025-4147-B7AF-E055D7413ECB}.Release|Any CPU.Build.0 = Release|Any CPU
		{9EBC751C-3025-4147-B7AF-E055D7413ECB}.Release|x64.ActiveCfg = Release|Any CPU
		{9EBC751C-3025-4147-B7AF-E055D7413ECB}.Release|x64.Build.0 = Release|Any CPU
		{9EBC751C-3025-4147-B7AF-E055D7413ECB}.Release|x86.ActiveCfg = Release|Any CPU
		{9EBC751C-3025-4147-B7AF-E055D7413ECB}.Release|x86.Build.0 = Release|Any CPU
		{36A2E343-7343-4DE3-9C14-4218795EEF35}.Debug|Any CPU.ActiveCfg = Debug|Any CPU
		{36A2E343-7343-4DE3-9C14-4218795EEF35}.Debug|Any CPU.Build.0 = Debug|Any CPU
		{36A2E343-7343-4DE3-9C14-4218795EEF35}.Debug|x64.ActiveCfg = Debug|Any CPU
		{36A2E343-7343-4DE3-9C14-4218795EEF35}.Debug|x64.Build.0 = Debug|Any CPU
		{36A2E343-7343-4DE3-9C14-4218795EEF35}.Debug|x86.ActiveCfg = Debug|Any CPU
		{36A2E343-7343-4DE3-9C14-4218795EEF35}.Debug|x86.Build.0 = Debug|Any CPU
		{36A2E343-7343-4DE3-9C14-4218795EEF35}.Release|Any CPU.ActiveCfg = Release|Any CPU
		{36A2E343-7343-4DE3-9C14-4218795EEF35}.Release|Any CPU.Build.0 = Release|Any CPU
		{36A2E343-7343-4DE3-9C14-4218795EEF35}.Release|x64.ActiveCfg = Release|Any CPU
		{36A2E343-7343-4DE3-9C14-4218795EEF35}.Release|x64.Build.0 = Release|Any CPU
		{36A2E343-7343-4DE3-9C14-4218795EEF35}.Release|x86.ActiveCfg = Release|Any CPU
		{36A2E343-7343-4DE3-9C14-4218795EEF35}.Release|x86.Build.0 = Release|Any CPU
		{4061A7F5-6170-44B6-A9D2-CD534E9FE68B}.Debug|Any CPU.ActiveCfg = Debug|Any CPU
		{4061A7F5-6170-44B6-A9D2-CD534E9FE68B}.Debug|Any CPU.Build.0 = Debug|Any CPU
		{4061A7F5-6170-44B6-A9D2-CD534E9FE68B}.Debug|x64.ActiveCfg = Debug|Any CPU
		{4061A7F5-6170-44B6-A9D2-CD534E9FE68B}.Debug|x64.Build.0 = Debug|Any CPU
		{4061A7F5-6170-44B6-A9D2-CD534E9FE68B}.Debug|x86.ActiveCfg = Debug|Any CPU
		{4061A7F5-6170-44B6-A9D2-CD534E9FE68B}.Debug|x86.Build.0 = Debug|Any CPU
		{4061A7F5-6170-44B6-A9D2-CD534E9FE68B}.Release|Any CPU.ActiveCfg = Release|Any CPU
		{4061A7F5-6170-44B6-A9D2-CD534E9FE68B}.Release|Any CPU.Build.0 = Release|Any CPU
		{4061A7F5-6170-44B6-A9D2-CD534E9FE68B}.Release|x64.ActiveCfg = Release|Any CPU
		{4061A7F5-6170-44B6-A9D2-CD534E9FE68B}.Release|x64.Build.0 = Release|Any CPU
		{4061A7F5-6170-44B6-A9D2-CD534E9FE68B}.Release|x86.ActiveCfg = Release|Any CPU
		{4061A7F5-6170-44B6-A9D2-CD534E9FE68B}.Release|x86.Build.0 = Release|Any CPU
		{C79395F5-A41E-42DB-98C2-B135564DB6CB}.Debug|Any CPU.ActiveCfg = Debug|Any CPU
		{C79395F5-A41E-42DB-98C2-B135564DB6CB}.Debug|Any CPU.Build.0 = Debug|Any CPU
		{C79395F5-A41E-42DB-98C2-B135564DB6CB}.Debug|x64.ActiveCfg = Debug|Any CPU
		{C79395F5-A41E-42DB-98C2-B135564DB6CB}.Debug|x64.Build.0 = Debug|Any CPU
		{C79395F5-A41E-42DB-98C2-B135564DB6CB}.Debug|x86.ActiveCfg = Debug|Any CPU
		{C79395F5-A41E-42DB-98C2-B135564DB6CB}.Debug|x86.Build.0 = Debug|Any CPU
		{C79395F5-A41E-42DB-98C2-B135564DB6CB}.Release|Any CPU.ActiveCfg = Release|Any CPU
		{C79395F5-A41E-42DB-98C2-B135564DB6CB}.Release|Any CPU.Build.0 = Release|Any CPU
		{C79395F5-A41E-42DB-98C2-B135564DB6CB}.Release|x64.ActiveCfg = Release|Any CPU
		{C79395F5-A41E-42DB-98C2-B135564DB6CB}.Release|x64.Build.0 = Release|Any CPU
		{C79395F5-A41E-42DB-98C2-B135564DB6CB}.Release|x86.ActiveCfg = Release|Any CPU
		{C79395F5-A41E-42DB-98C2-B135564DB6CB}.Release|x86.Build.0 = Release|Any CPU
		{6F513594-A053-4204-9804-769F27B7DCE8}.Debug|Any CPU.ActiveCfg = Debug|Any CPU
		{6F513594-A053-4204-9804-769F27B7DCE8}.Debug|Any CPU.Build.0 = Debug|Any CPU
		{6F513594-A053-4204-9804-769F27B7DCE8}.Debug|x64.ActiveCfg = Debug|Any CPU
		{6F513594-A053-4204-9804-769F27B7DCE8}.Debug|x64.Build.0 = Debug|Any CPU
		{6F513594-A053-4204-9804-769F27B7DCE8}.Debug|x86.ActiveCfg = Debug|Any CPU
		{6F513594-A053-4204-9804-769F27B7DCE8}.Debug|x86.Build.0 = Debug|Any CPU
		{6F513594-A053-4204-9804-769F27B7DCE8}.Release|Any CPU.ActiveCfg = Release|Any CPU
		{6F513594-A053-4204-9804-769F27B7DCE8}.Release|Any CPU.Build.0 = Release|Any CPU
		{6F513594-A053-4204-9804-769F27B7DCE8}.Release|x64.ActiveCfg = Release|Any CPU
		{6F513594-A053-4204-9804-769F27B7DCE8}.Release|x64.Build.0 = Release|Any CPU
		{6F513594-A053-4204-9804-769F27B7DCE8}.Release|x86.ActiveCfg = Release|Any CPU
		{6F513594-A053-4204-9804-769F27B7DCE8}.Release|x86.Build.0 = Release|Any CPU
		{6721C80A-7FBE-42E4-AEDD-A0E37AF6CBFE}.Debug|Any CPU.ActiveCfg = Debug|Any CPU
		{6721C80A-7FBE-42E4-AEDD-A0E37AF6CBFE}.Debug|Any CPU.Build.0 = Debug|Any CPU
		{6721C80A-7FBE-42E4-AEDD-A0E37AF6CBFE}.Debug|x64.ActiveCfg = Debug|Any CPU
		{6721C80A-7FBE-42E4-AEDD-A0E37AF6CBFE}.Debug|x64.Build.0 = Debug|Any CPU
		{6721C80A-7FBE-42E4-AEDD-A0E37AF6CBFE}.Debug|x86.ActiveCfg = Debug|Any CPU
		{6721C80A-7FBE-42E4-AEDD-A0E37AF6CBFE}.Debug|x86.Build.0 = Debug|Any CPU
		{6721C80A-7FBE-42E4-AEDD-A0E37AF6CBFE}.Release|Any CPU.ActiveCfg = Release|Any CPU
		{6721C80A-7FBE-42E4-AEDD-A0E37AF6CBFE}.Release|Any CPU.Build.0 = Release|Any CPU
		{6721C80A-7FBE-42E4-AEDD-A0E37AF6CBFE}.Release|x64.ActiveCfg = Release|Any CPU
		{6721C80A-7FBE-42E4-AEDD-A0E37AF6CBFE}.Release|x64.Build.0 = Release|Any CPU
		{6721C80A-7FBE-42E4-AEDD-A0E37AF6CBFE}.Release|x86.ActiveCfg = Release|Any CPU
		{6721C80A-7FBE-42E4-AEDD-A0E37AF6CBFE}.Release|x86.Build.0 = Release|Any CPU
		{A383C5FE-9881-4B7E-98D5-F1D107BEC206}.Debug|Any CPU.ActiveCfg = Debug|Any CPU
		{A383C5FE-9881-4B7E-98D5-F1D107BEC206}.Debug|Any CPU.Build.0 = Debug|Any CPU
		{A383C5FE-9881-4B7E-98D5-F1D107BEC206}.Debug|x64.ActiveCfg = Debug|Any CPU
		{A383C5FE-9881-4B7E-98D5-F1D107BEC206}.Debug|x64.Build.0 = Debug|Any CPU
		{A383C5FE-9881-4B7E-98D5-F1D107BEC206}.Debug|x86.ActiveCfg = Debug|Any CPU
		{A383C5FE-9881-4B7E-98D5-F1D107BEC206}.Debug|x86.Build.0 = Debug|Any CPU
		{A383C5FE-9881-4B7E-98D5-F1D107BEC206}.Release|Any CPU.ActiveCfg = Release|Any CPU
		{A383C5FE-9881-4B7E-98D5-F1D107BEC206}.Release|Any CPU.Build.0 = Release|Any CPU
		{A383C5FE-9881-4B7E-98D5-F1D107BEC206}.Release|x64.ActiveCfg = Release|Any CPU
		{A383C5FE-9881-4B7E-98D5-F1D107BEC206}.Release|x64.Build.0 = Release|Any CPU
		{A383C5FE-9881-4B7E-98D5-F1D107BEC206}.Release|x86.ActiveCfg = Release|Any CPU
		{A383C5FE-9881-4B7E-98D5-F1D107BEC206}.Release|x86.Build.0 = Release|Any CPU
		{E750304E-4AC3-471A-A5A5-8CF7B9D0CDCC}.Debug|Any CPU.ActiveCfg = Debug|Any CPU
		{E750304E-4AC3-471A-A5A5-8CF7B9D0CDCC}.Debug|Any CPU.Build.0 = Debug|Any CPU
		{E750304E-4AC3-471A-A5A5-8CF7B9D0CDCC}.Debug|x64.ActiveCfg = Debug|Any CPU
		{E750304E-4AC3-471A-A5A5-8CF7B9D0CDCC}.Debug|x64.Build.0 = Debug|Any CPU
		{E750304E-4AC3-471A-A5A5-8CF7B9D0CDCC}.Debug|x86.ActiveCfg = Debug|Any CPU
		{E750304E-4AC3-471A-A5A5-8CF7B9D0CDCC}.Debug|x86.Build.0 = Debug|Any CPU
		{E750304E-4AC3-471A-A5A5-8CF7B9D0CDCC}.Release|Any CPU.ActiveCfg = Release|Any CPU
		{E750304E-4AC3-471A-A5A5-8CF7B9D0CDCC}.Release|Any CPU.Build.0 = Release|Any CPU
		{E750304E-4AC3-471A-A5A5-8CF7B9D0CDCC}.Release|x64.ActiveCfg = Release|Any CPU
		{E750304E-4AC3-471A-A5A5-8CF7B9D0CDCC}.Release|x64.Build.0 = Release|Any CPU
		{E750304E-4AC3-471A-A5A5-8CF7B9D0CDCC}.Release|x86.ActiveCfg = Release|Any CPU
		{E750304E-4AC3-471A-A5A5-8CF7B9D0CDCC}.Release|x86.Build.0 = Release|Any CPU
		{DE637C1F-BC3F-48C6-A70E-2A68EDA72E48}.Debug|Any CPU.ActiveCfg = Debug|Any CPU
		{DE637C1F-BC3F-48C6-A70E-2A68EDA72E48}.Debug|Any CPU.Build.0 = Debug|Any CPU
		{DE637C1F-BC3F-48C6-A70E-2A68EDA72E48}.Debug|x64.ActiveCfg = Debug|Any CPU
		{DE637C1F-BC3F-48C6-A70E-2A68EDA72E48}.Debug|x64.Build.0 = Debug|Any CPU
		{DE637C1F-BC3F-48C6-A70E-2A68EDA72E48}.Debug|x86.ActiveCfg = Debug|Any CPU
		{DE637C1F-BC3F-48C6-A70E-2A68EDA72E48}.Debug|x86.Build.0 = Debug|Any CPU
		{DE637C1F-BC3F-48C6-A70E-2A68EDA72E48}.Release|Any CPU.ActiveCfg = Release|Any CPU
		{DE637C1F-BC3F-48C6-A70E-2A68EDA72E48}.Release|Any CPU.Build.0 = Release|Any CPU
		{DE637C1F-BC3F-48C6-A70E-2A68EDA72E48}.Release|x64.ActiveCfg = Release|Any CPU
		{DE637C1F-BC3F-48C6-A70E-2A68EDA72E48}.Release|x64.Build.0 = Release|Any CPU
		{DE637C1F-BC3F-48C6-A70E-2A68EDA72E48}.Release|x86.ActiveCfg = Release|Any CPU
		{DE637C1F-BC3F-48C6-A70E-2A68EDA72E48}.Release|x86.Build.0 = Release|Any CPU
	EndGlobalSection
	GlobalSection(SolutionProperties) = preSolution
		HideSolutionNode = FALSE
	EndGlobalSection
	GlobalSection(NestedProjects) = preSolution
		{CD9104F2-B134-CB97-7269-374EC2CEB46A} = {5D20AA90-6969-D8BD-9DCD-8634F4692FDA}
		{56D7CE51-9CF3-8BB1-8F1D-3172C3330966} = {CD9104F2-B134-CB97-7269-374EC2CEB46A}
		{AA3677ED-6FFE-4EF3-809B-9E7DEBA56F1E} = {56D7CE51-9CF3-8BB1-8F1D-3172C3330966}
		{8A70F9F1-E77B-49F6-8761-00667EDF6BB4} = {56D7CE51-9CF3-8BB1-8F1D-3172C3330966}
		{182C363F-4B66-49BE-86BF-D1F2CC47609B} = {56D7CE51-9CF3-8BB1-8F1D-3172C3330966}
		{2CFB67A0-FF1A-4C21-AF0B-C091F1F8CEB6} = {56D7CE51-9CF3-8BB1-8F1D-3172C3330966}
		{CA28EF1C-0EF5-4EB4-845C-4BBF85BA534C} = {56D7CE51-9CF3-8BB1-8F1D-3172C3330966}
		{142282DC-8A4B-4346-BBF8-826DBA4B303A} = {56D7CE51-9CF3-8BB1-8F1D-3172C3330966}
		{69F10E9B-681C-4EF2-A938-F00C5D81AF26} = {56D7CE51-9CF3-8BB1-8F1D-3172C3330966}
		{589E7E3A-4404-495B-A573-348787D35033} = {56D7CE51-9CF3-8BB1-8F1D-3172C3330966}
		{402DA6B6-8198-475A-906B-7F0F98E3468C} = {56D7CE51-9CF3-8BB1-8F1D-3172C3330966}
		{73549EFF-8D8E-441A-A04D-2CC74BCE5297} = {56D7CE51-9CF3-8BB1-8F1D-3172C3330966}
		{18E7569F-80D3-45E5-8845-3102D8AD6782} = {56D7CE51-9CF3-8BB1-8F1D-3172C3330966}
		{67CCBC61-4036-4440-B619-143526CB09FF} = {56D7CE51-9CF3-8BB1-8F1D-3172C3330966}
		{E93A2E49-E339-4A14-864C-DFC3AF2E00E1} = {56D7CE51-9CF3-8BB1-8F1D-3172C3330966}
		{F62D89B3-CC8B-47F5-8F50-83BF1668EA85} = {56D7CE51-9CF3-8BB1-8F1D-3172C3330966}
		{0B28D6BD-1708-4455-9A94-BAC0BED1017C} = {56D7CE51-9CF3-8BB1-8F1D-3172C3330966}
		{F507E938-95FD-449A-92F1-059D508F5ACF} = {56D7CE51-9CF3-8BB1-8F1D-3172C3330966}
		{81452826-C90E-44CE-96FB-5F2D7D6286F4} = {56D7CE51-9CF3-8BB1-8F1D-3172C3330966}
		{A1C792B0-F93E-4997-A26F-6C5C7AA72556} = {56D7CE51-9CF3-8BB1-8F1D-3172C3330966}
		{6577ADB5-983B-4B4D-A3B9-1CA0703A7E6A} = {56D7CE51-9CF3-8BB1-8F1D-3172C3330966}
		{1B8844BF-FF54-4823-AB59-3BDE95D5EE5F} = {56D7CE51-9CF3-8BB1-8F1D-3172C3330966}
		{02F44A4B-93BF-4DC9-ACF5-8C35B759FD93} = {56D7CE51-9CF3-8BB1-8F1D-3172C3330966}
		{A9BAD05D-89F8-4CDE-8660-A7D447856DA8} = {56D7CE51-9CF3-8BB1-8F1D-3172C3330966}
		{728F04D1-BF65-476A-975E-30FCE6D78770} = {56D7CE51-9CF3-8BB1-8F1D-3172C3330966}
		{81D0AA9C-ED95-4CD5-BBBD-631462FD1C4B} = {56D7CE51-9CF3-8BB1-8F1D-3172C3330966}
		{92AAD152-7864-4DCE-B337-D35E2524931C} = {56D7CE51-9CF3-8BB1-8F1D-3172C3330966}
		{8DE30C5A-BBA6-4F65-8E75-0F3F36914240} = {56D7CE51-9CF3-8BB1-8F1D-3172C3330966}
		{E90EDB9B-7AF2-46F7-9ECF-D850D6646A79} = {56D7CE51-9CF3-8BB1-8F1D-3172C3330966}
		{E8C10AE7-56E6-4DB0-80D0-493FAD298A56} = {56D7CE51-9CF3-8BB1-8F1D-3172C3330966}
		{9EBC751C-3025-4147-B7AF-E055D7413ECB} = {56D7CE51-9CF3-8BB1-8F1D-3172C3330966}
		{36A2E343-7343-4DE3-9C14-4218795EEF35} = {56D7CE51-9CF3-8BB1-8F1D-3172C3330966}
		{4061A7F5-6170-44B6-A9D2-CD534E9FE68B} = {56D7CE51-9CF3-8BB1-8F1D-3172C3330966}
		{C79395F5-A41E-42DB-98C2-B135564DB6CB} = {56D7CE51-9CF3-8BB1-8F1D-3172C3330966}
		{6F513594-A053-4204-9804-769F27B7DCE8} = {56D7CE51-9CF3-8BB1-8F1D-3172C3330966}
		{6721C80A-7FBE-42E4-AEDD-A0E37AF6CBFE} = {56D7CE51-9CF3-8BB1-8F1D-3172C3330966}
		{A383C5FE-9881-4B7E-98D5-F1D107BEC206} = {56D7CE51-9CF3-8BB1-8F1D-3172C3330966}
		{E750304E-4AC3-471A-A5A5-8CF7B9D0CDCC} = {56D7CE51-9CF3-8BB1-8F1D-3172C3330966}
		{DE637C1F-BC3F-48C6-A70E-2A68EDA72E48} = {56D7CE51-9CF3-8BB1-8F1D-3172C3330966}
	EndGlobalSection
EndGlobal
